// !$*UTF8*$!
{
	archiveVersion = 1;
	classes = {
	};
	objectVersion = 50;
	objects = {

/* Begin PBXBuildFile section */
		1890C3E321319CD100E0CC71 /* style.css in Resources */ = {isa = PBXBuildFile; fileRef = 1890C3E221319CD000E0CC71 /* style.css */; };
		1890C3E521319D3600E0CC71 /* index.html in Resources */ = {isa = PBXBuildFile; fileRef = 1890C3E421319D3600E0CC71 /* index.html */; };
		1890C4092132C47200E0CC71 /* YHWebViewController.m in Sources */ = {isa = PBXBuildFile; fileRef = 1890C3FC2132C47100E0CC71 /* YHWebViewController.m */; };
		1890C40A2132C47200E0CC71 /* YHProxyRouter.m in Sources */ = {isa = PBXBuildFile; fileRef = 1890C3FE2132C47100E0CC71 /* YHProxyRouter.m */; };
		1890C40B2132C47200E0CC71 /* YHProcessPool.m in Sources */ = {isa = PBXBuildFile; fileRef = 1890C4032132C47100E0CC71 /* YHProcessPool.m */; };
		1890C40C2132C47200E0CC71 /* YHPlugin.m in Sources */ = {isa = PBXBuildFile; fileRef = 1890C4042132C47100E0CC71 /* YHPlugin.m */; };
		1890C40D2132C47200E0CC71 /* YHWebViewProgress.m in Sources */ = {isa = PBXBuildFile; fileRef = 1890C4062132C47100E0CC71 /* YHWebViewProgress.m */; };
		1890C40E2132C47200E0CC71 /* YHWebView.m in Sources */ = {isa = PBXBuildFile; fileRef = 1890C4072132C47100E0CC71 /* YHWebView.m */; };
		1890C40F2132C47200E0CC71 /* YHWebConfiguration.m in Sources */ = {isa = PBXBuildFile; fileRef = 1890C4082132C47100E0CC71 /* YHWebConfiguration.m */; };
		F0008CEA212FFF3D00170EFE /* YHTestPlugin.m in Sources */ = {isa = PBXBuildFile; fileRef = F0008CE9212FFF3D00170EFE /* YHTestPlugin.m */; };
		F0AA9ADD2113180000967F9D /* AppDelegate.m in Sources */ = {isa = PBXBuildFile; fileRef = F0AA9ADC2113180000967F9D /* AppDelegate.m */; };
		F0AA9AE32113180000967F9D /* Main.storyboard in Resources */ = {isa = PBXBuildFile; fileRef = F0AA9AE12113180000967F9D /* Main.storyboard */; };
		F0AA9AE52113180200967F9D /* Assets.xcassets in Resources */ = {isa = PBXBuildFile; fileRef = F0AA9AE42113180200967F9D /* Assets.xcassets */; };
		F0AA9AE82113180200967F9D /* LaunchScreen.storyboard in Resources */ = {isa = PBXBuildFile; fileRef = F0AA9AE62113180200967F9D /* LaunchScreen.storyboard */; };
		F0AA9AEB2113180200967F9D /* main.m in Sources */ = {isa = PBXBuildFile; fileRef = F0AA9AEA2113180200967F9D /* main.m */; };
		F0AA9AF52113180200967F9D /* YHWebViewControllerTests.m in Sources */ = {isa = PBXBuildFile; fileRef = F0AA9AF42113180200967F9D /* YHWebViewControllerTests.m */; };
		F0AA9B002113180200967F9D /* YHWebViewControllerUITests.m in Sources */ = {isa = PBXBuildFile; fileRef = F0AA9AFF2113180200967F9D /* YHWebViewControllerUITests.m */; };
		F0BCE6292126AC9800289E3A /* YHFristViewController.m in Sources */ = {isa = PBXBuildFile; fileRef = F0BCE6282126AC9800289E3A /* YHFristViewController.m */; };
		F0BCE62C2126B2BF00289E3A /* YHButton.m in Sources */ = {isa = PBXBuildFile; fileRef = F0BCE62B2126B2BF00289E3A /* YHButton.m */; };
/* End PBXBuildFile section */

/* Begin PBXContainerItemProxy section */
		F0AA9AF12113180200967F9D /* PBXContainerItemProxy */ = {
			isa = PBXContainerItemProxy;
			containerPortal = F0AA9AD02113180000967F9D /* Project object */;
			proxyType = 1;
			remoteGlobalIDString = F0AA9AD72113180000967F9D;
			remoteInfo = YHWebViewController;
		};
		F0AA9AFC2113180200967F9D /* PBXContainerItemProxy */ = {
			isa = PBXContainerItemProxy;
			containerPortal = F0AA9AD02113180000967F9D /* Project object */;
			proxyType = 1;
			remoteGlobalIDString = F0AA9AD72113180000967F9D;
			remoteInfo = YHWebViewController;
		};
/* End PBXContainerItemProxy section */

/* Begin PBXFileReference section */
		1890C3E221319CD000E0CC71 /* style.css */ = {isa = PBXFileReference; fileEncoding = 4; lastKnownFileType = text.css; path = style.css; sourceTree = "<group>"; };
		1890C3E421319D3600E0CC71 /* index.html */ = {isa = PBXFileReference; fileEncoding = 4; lastKnownFileType = text.html; path = index.html; sourceTree = "<group>"; };
		1890C3FA2132C47100E0CC71 /* YHPlugin.h */ = {isa = PBXFileReference; fileEncoding = 4; lastKnownFileType = sourcecode.c.h; path = YHPlugin.h; sourceTree = "<group>"; };
		1890C3FB2132C47100E0CC71 /* YHProcessPool.h */ = {isa = PBXFileReference; fileEncoding = 4; lastKnownFileType = sourcecode.c.h; path = YHProcessPool.h; sourceTree = "<group>"; };
		1890C3FC2132C47100E0CC71 /* YHWebViewController.m */ = {isa = PBXFileReference; fileEncoding = 4; lastKnownFileType = sourcecode.c.objc; path = YHWebViewController.m; sourceTree = "<group>"; };
		1890C3FD2132C47100E0CC71 /* YHWebViewProgress.h */ = {isa = PBXFileReference; fileEncoding = 4; lastKnownFileType = sourcecode.c.h; path = YHWebViewProgress.h; sourceTree = "<group>"; };
		1890C3FE2132C47100E0CC71 /* YHProxyRouter.m */ = {isa = PBXFileReference; fileEncoding = 4; lastKnownFileType = sourcecode.c.objc; path = YHProxyRouter.m; sourceTree = "<group>"; };
		1890C3FF2132C47100E0CC71 /* YHWebConfiguration.h */ = {isa = PBXFileReference; fileEncoding = 4; lastKnownFileType = sourcecode.c.h; path = YHWebConfiguration.h; sourceTree = "<group>"; };
		1890C4002132C47100E0CC71 /* YHEnumeration.h */ = {isa = PBXFileReference; fileEncoding = 4; lastKnownFileType = sourcecode.c.h; path = YHEnumeration.h; sourceTree = "<group>"; };
		1890C4012132C47100E0CC71 /* YHWebView.h */ = {isa = PBXFileReference; fileEncoding = 4; lastKnownFileType = sourcecode.c.h; path = YHWebView.h; sourceTree = "<group>"; };
		1890C4022132C47100E0CC71 /* YHWebViewController.h */ = {isa = PBXFileReference; fileEncoding = 4; lastKnownFileType = sourcecode.c.h; path = YHWebViewController.h; sourceTree = "<group>"; };
		1890C4032132C47100E0CC71 /* YHProcessPool.m */ = {isa = PBXFileReference; fileEncoding = 4; lastKnownFileType = sourcecode.c.objc; path = YHProcessPool.m; sourceTree = "<group>"; };
		1890C4042132C47100E0CC71 /* YHPlugin.m */ = {isa = PBXFileReference; fileEncoding = 4; lastKnownFileType = sourcecode.c.objc; path = YHPlugin.m; sourceTree = "<group>"; };
		1890C4052132C47100E0CC71 /* YHProxyRouter.h */ = {isa = PBXFileReference; fileEncoding = 4; lastKnownFileType = sourcecode.c.h; path = YHProxyRouter.h; sourceTree = "<group>"; };
		1890C4062132C47100E0CC71 /* YHWebViewProgress.m */ = {isa = PBXFileReference; fileEncoding = 4; lastKnownFileType = sourcecode.c.objc; path = YHWebViewProgress.m; sourceTree = "<group>"; };
		1890C4072132C47100E0CC71 /* YHWebView.m */ = {isa = PBXFileReference; fileEncoding = 4; lastKnownFileType = sourcecode.c.objc; path = YHWebView.m; sourceTree = "<group>"; };
		1890C4082132C47100E0CC71 /* YHWebConfiguration.m */ = {isa = PBXFileReference; fileEncoding = 4; lastKnownFileType = sourcecode.c.objc; path = YHWebConfiguration.m; sourceTree = "<group>"; };
		F0008CE8212FFF3D00170EFE /* YHTestPlugin.h */ = {isa = PBXFileReference; lastKnownFileType = sourcecode.c.h; path = YHTestPlugin.h; sourceTree = "<group>"; };
		F0008CE9212FFF3D00170EFE /* YHTestPlugin.m */ = {isa = PBXFileReference; lastKnownFileType = sourcecode.c.objc; path = YHTestPlugin.m; sourceTree = "<group>"; };
		F0AA9AD82113180000967F9D /* YHWebViewController.app */ = {isa = PBXFileReference; explicitFileType = wrapper.application; includeInIndex = 0; path = YHWebViewController.app; sourceTree = BUILT_PRODUCTS_DIR; };
		F0AA9ADB2113180000967F9D /* AppDelegate.h */ = {isa = PBXFileReference; lastKnownFileType = sourcecode.c.h; path = AppDelegate.h; sourceTree = "<group>"; };
		F0AA9ADC2113180000967F9D /* AppDelegate.m */ = {isa = PBXFileReference; lastKnownFileType = sourcecode.c.objc; path = AppDelegate.m; sourceTree = "<group>"; };
		F0AA9AE22113180000967F9D /* Base */ = {isa = PBXFileReference; lastKnownFileType = file.storyboard; name = Base; path = Base.lproj/Main.storyboard; sourceTree = "<group>"; };
		F0AA9AE42113180200967F9D /* Assets.xcassets */ = {isa = PBXFileReference; lastKnownFileType = folder.assetcatalog; path = Assets.xcassets; sourceTree = "<group>"; };
		F0AA9AE72113180200967F9D /* Base */ = {isa = PBXFileReference; lastKnownFileType = file.storyboard; name = Base; path = Base.lproj/LaunchScreen.storyboard; sourceTree = "<group>"; };
		F0AA9AE92113180200967F9D /* Info.plist */ = {isa = PBXFileReference; lastKnownFileType = text.plist.xml; path = Info.plist; sourceTree = "<group>"; };
		F0AA9AEA2113180200967F9D /* main.m */ = {isa = PBXFileReference; lastKnownFileType = sourcecode.c.objc; path = main.m; sourceTree = "<group>"; };
		F0AA9AF02113180200967F9D /* YHWebViewControllerTests.xctest */ = {isa = PBXFileReference; explicitFileType = wrapper.cfbundle; includeInIndex = 0; path = YHWebViewControllerTests.xctest; sourceTree = BUILT_PRODUCTS_DIR; };
		F0AA9AF42113180200967F9D /* YHWebViewControllerTests.m */ = {isa = PBXFileReference; lastKnownFileType = sourcecode.c.objc; path = YHWebViewControllerTests.m; sourceTree = "<group>"; };
		F0AA9AF62113180200967F9D /* Info.plist */ = {isa = PBXFileReference; lastKnownFileType = text.plist.xml; path = Info.plist; sourceTree = "<group>"; };
		F0AA9AFB2113180200967F9D /* YHWebViewControllerUITests.xctest */ = {isa = PBXFileReference; explicitFileType = wrapper.cfbundle; includeInIndex = 0; path = YHWebViewControllerUITests.xctest; sourceTree = BUILT_PRODUCTS_DIR; };
		F0AA9AFF2113180200967F9D /* YHWebViewControllerUITests.m */ = {isa = PBXFileReference; lastKnownFileType = sourcecode.c.objc; path = YHWebViewControllerUITests.m; sourceTree = "<group>"; };
		F0AA9B012113180200967F9D /* Info.plist */ = {isa = PBXFileReference; lastKnownFileType = text.plist.xml; path = Info.plist; sourceTree = "<group>"; };
		F0BCE6272126AC9800289E3A /* YHFristViewController.h */ = {isa = PBXFileReference; lastKnownFileType = sourcecode.c.h; path = YHFristViewController.h; sourceTree = "<group>"; };
		F0BCE6282126AC9800289E3A /* YHFristViewController.m */ = {isa = PBXFileReference; lastKnownFileType = sourcecode.c.objc; path = YHFristViewController.m; sourceTree = "<group>"; };
		F0BCE62A2126B2BF00289E3A /* YHButton.h */ = {isa = PBXFileReference; fileEncoding = 4; lastKnownFileType = sourcecode.c.h; path = YHButton.h; sourceTree = "<group>"; };
		F0BCE62B2126B2BF00289E3A /* YHButton.m */ = {isa = PBXFileReference; fileEncoding = 4; lastKnownFileType = sourcecode.c.objc; path = YHButton.m; sourceTree = "<group>"; };
/* End PBXFileReference section */

/* Begin PBXFrameworksBuildPhase section */
		F0AA9AD52113180000967F9D /* Frameworks */ = {
			isa = PBXFrameworksBuildPhase;
			buildActionMask = 2147483647;
			files = (
			);
			runOnlyForDeploymentPostprocessing = 0;
		};
		F0AA9AED2113180200967F9D /* Frameworks */ = {
			isa = PBXFrameworksBuildPhase;
			buildActionMask = 2147483647;
			files = (
			);
			runOnlyForDeploymentPostprocessing = 0;
		};
		F0AA9AF82113180200967F9D /* Frameworks */ = {
			isa = PBXFrameworksBuildPhase;
			buildActionMask = 2147483647;
			files = (
			);
			runOnlyForDeploymentPostprocessing = 0;
		};
/* End PBXFrameworksBuildPhase section */

/* Begin PBXGroup section */
		1890C3F92132C47100E0CC71 /* Sources */ = {
			isa = PBXGroup;
			children = (
				1890C3FA2132C47100E0CC71 /* YHPlugin.h */,
				1890C4042132C47100E0CC71 /* YHPlugin.m */,
				1890C4012132C47100E0CC71 /* YHWebView.h */,
				1890C4072132C47100E0CC71 /* YHWebView.m */,
				1890C3FB2132C47100E0CC71 /* YHProcessPool.h */,
				1890C4032132C47100E0CC71 /* YHProcessPool.m */,
				1890C4052132C47100E0CC71 /* YHProxyRouter.h */,
				1890C3FE2132C47100E0CC71 /* YHProxyRouter.m */,
				1890C4002132C47100E0CC71 /* YHEnumeration.h */,
				1890C3FF2132C47100E0CC71 /* YHWebConfiguration.h */,
				1890C4082132C47100E0CC71 /* YHWebConfiguration.m */,
				1890C4022132C47100E0CC71 /* YHWebViewController.h */,
				1890C3FC2132C47100E0CC71 /* YHWebViewController.m */,
				1890C3FD2132C47100E0CC71 /* YHWebViewProgress.h */,
				1890C4062132C47100E0CC71 /* YHWebViewProgress.m */,
			);
			path = Sources;
			sourceTree = "<group>";
		};
		F0AA9ACF2113180000967F9D = {
			isa = PBXGroup;
			children = (
				1890C3F92132C47100E0CC71 /* Sources */,
				F0AA9ADA2113180000967F9D /* YHWebViewController */,
				F0AA9AF32113180200967F9D /* YHWebViewControllerTests */,
				F0AA9AFE2113180200967F9D /* YHWebViewControllerUITests */,
				F0AA9AD92113180000967F9D /* Products */,
			);
			sourceTree = "<group>";
		};
		F0AA9AD92113180000967F9D /* Products */ = {
			isa = PBXGroup;
			children = (
				F0AA9AD82113180000967F9D /* YHWebViewController.app */,
				F0AA9AF02113180200967F9D /* YHWebViewControllerTests.xctest */,
				F0AA9AFB2113180200967F9D /* YHWebViewControllerUITests.xctest */,
			);
			name = Products;
			sourceTree = "<group>";
		};
		F0AA9ADA2113180000967F9D /* YHWebViewController */ = {
			isa = PBXGroup;
			children = (
				1890C3E421319D3600E0CC71 /* index.html */,
				1890C3E221319CD000E0CC71 /* style.css */,
				F0BCE62A2126B2BF00289E3A /* YHButton.h */,
				F0BCE62B2126B2BF00289E3A /* YHButton.m */,
				F0BCE6272126AC9800289E3A /* YHFristViewController.h */,
				F0BCE6282126AC9800289E3A /* YHFristViewController.m */,
				F0AA9ADB2113180000967F9D /* AppDelegate.h */,
				F0AA9ADC2113180000967F9D /* AppDelegate.m */,
				F0AA9AE12113180000967F9D /* Main.storyboard */,
				F0AA9AE42113180200967F9D /* Assets.xcassets */,
				F0AA9AE62113180200967F9D /* LaunchScreen.storyboard */,
				F0AA9AE92113180200967F9D /* Info.plist */,
				F0AA9AEA2113180200967F9D /* main.m */,
				F0008CE8212FFF3D00170EFE /* YHTestPlugin.h */,
				F0008CE9212FFF3D00170EFE /* YHTestPlugin.m */,
			);
			path = YHWebViewController;
			sourceTree = "<group>";
		};
		F0AA9AF32113180200967F9D /* YHWebViewControllerTests */ = {
			isa = PBXGroup;
			children = (
				F0AA9AF42113180200967F9D /* YHWebViewControllerTests.m */,
				F0AA9AF62113180200967F9D /* Info.plist */,
			);
			path = YHWebViewControllerTests;
			sourceTree = "<group>";
		};
		F0AA9AFE2113180200967F9D /* YHWebViewControllerUITests */ = {
			isa = PBXGroup;
			children = (
				F0AA9AFF2113180200967F9D /* YHWebViewControllerUITests.m */,
				F0AA9B012113180200967F9D /* Info.plist */,
			);
			path = YHWebViewControllerUITests;
			sourceTree = "<group>";
		};
/* End PBXGroup section */

/* Begin PBXNativeTarget section */
		F0AA9AD72113180000967F9D /* YHWebViewController */ = {
			isa = PBXNativeTarget;
			buildConfigurationList = F0AA9B042113180200967F9D /* Build configuration list for PBXNativeTarget "YHWebViewController" */;
			buildPhases = (
				F0AA9AD42113180000967F9D /* Sources */,
				F0AA9AD52113180000967F9D /* Frameworks */,
				F0AA9AD62113180000967F9D /* Resources */,
			);
			buildRules = (
			);
			dependencies = (
			);
			name = YHWebViewController;
			productName = YHWebViewController;
			productReference = F0AA9AD82113180000967F9D /* YHWebViewController.app */;
			productType = "com.apple.product-type.application";
		};
		F0AA9AEF2113180200967F9D /* YHWebViewControllerTests */ = {
			isa = PBXNativeTarget;
			buildConfigurationList = F0AA9B072113180200967F9D /* Build configuration list for PBXNativeTarget "YHWebViewControllerTests" */;
			buildPhases = (
				F0AA9AEC2113180200967F9D /* Sources */,
				F0AA9AED2113180200967F9D /* Frameworks */,
				F0AA9AEE2113180200967F9D /* Resources */,
			);
			buildRules = (
			);
			dependencies = (
				F0AA9AF22113180200967F9D /* PBXTargetDependency */,
			);
			name = YHWebViewControllerTests;
			productName = YHWebViewControllerTests;
			productReference = F0AA9AF02113180200967F9D /* YHWebViewControllerTests.xctest */;
			productType = "com.apple.product-type.bundle.unit-test";
		};
		F0AA9AFA2113180200967F9D /* YHWebViewControllerUITests */ = {
			isa = PBXNativeTarget;
			buildConfigurationList = F0AA9B0A2113180200967F9D /* Build configuration list for PBXNativeTarget "YHWebViewControllerUITests" */;
			buildPhases = (
				F0AA9AF72113180200967F9D /* Sources */,
				F0AA9AF82113180200967F9D /* Frameworks */,
				F0AA9AF92113180200967F9D /* Resources */,
			);
			buildRules = (
			);
			dependencies = (
				F0AA9AFD2113180200967F9D /* PBXTargetDependency */,
			);
			name = YHWebViewControllerUITests;
			productName = YHWebViewControllerUITests;
			productReference = F0AA9AFB2113180200967F9D /* YHWebViewControllerUITests.xctest */;
			productType = "com.apple.product-type.bundle.ui-testing";
		};
/* End PBXNativeTarget section */

/* Begin PBXProject section */
		F0AA9AD02113180000967F9D /* Project object */ = {
			isa = PBXProject;
			attributes = {
				LastUpgradeCheck = 0930;
				ORGANIZATIONNAME = ruaho;
				TargetAttributes = {
					F0AA9AD72113180000967F9D = {
						CreatedOnToolsVersion = 9.3.1;
					};
					F0AA9AEF2113180200967F9D = {
						CreatedOnToolsVersion = 9.3.1;
						TestTargetID = F0AA9AD72113180000967F9D;
					};
					F0AA9AFA2113180200967F9D = {
						CreatedOnToolsVersion = 9.3.1;
						TestTargetID = F0AA9AD72113180000967F9D;
					};
				};
			};
			buildConfigurationList = F0AA9AD32113180000967F9D /* Build configuration list for PBXProject "YHWebViewController" */;
			compatibilityVersion = "Xcode 9.3";
			developmentRegion = en;
			hasScannedForEncodings = 0;
			knownRegions = (
				en,
				Base,
			);
			mainGroup = F0AA9ACF2113180000967F9D;
			productRefGroup = F0AA9AD92113180000967F9D /* Products */;
			projectDirPath = "";
			projectRoot = "";
			targets = (
				F0AA9AD72113180000967F9D /* YHWebViewController */,
				F0AA9AEF2113180200967F9D /* YHWebViewControllerTests */,
				F0AA9AFA2113180200967F9D /* YHWebViewControllerUITests */,
			);
		};
/* End PBXProject section */

/* Begin PBXResourcesBuildPhase section */
		F0AA9AD62113180000967F9D /* Resources */ = {
			isa = PBXResourcesBuildPhase;
			buildActionMask = 2147483647;
			files = (
				1890C3E521319D3600E0CC71 /* index.html in Resources */,
				F0AA9AE82113180200967F9D /* LaunchScreen.storyboard in Resources */,
				1890C3E321319CD100E0CC71 /* style.css in Resources */,
				F0AA9AE52113180200967F9D /* Assets.xcassets in Resources */,
				F0AA9AE32113180000967F9D /* Main.storyboard in Resources */,
			);
			runOnlyForDeploymentPostprocessing = 0;
		};
		F0AA9AEE2113180200967F9D /* Resources */ = {
			isa = PBXResourcesBuildPhase;
			buildActionMask = 2147483647;
			files = (
			);
			runOnlyForDeploymentPostprocessing = 0;
		};
		F0AA9AF92113180200967F9D /* Resources */ = {
			isa = PBXResourcesBuildPhase;
			buildActionMask = 2147483647;
			files = (
			);
			runOnlyForDeploymentPostprocessing = 0;
		};
/* End PBXResourcesBuildPhase section */

/* Begin PBXSourcesBuildPhase section */
		F0AA9AD42113180000967F9D /* Sources */ = {
			isa = PBXSourcesBuildPhase;
			buildActionMask = 2147483647;
			files = (
				1890C40A2132C47200E0CC71 /* YHProxyRouter.m in Sources */,
				1890C40E2132C47200E0CC71 /* YHWebView.m in Sources */,
				1890C40F2132C47200E0CC71 /* YHWebConfiguration.m in Sources */,
				1890C40D2132C47200E0CC71 /* YHWebViewProgress.m in Sources */,
				F0BCE6292126AC9800289E3A /* YHFristViewController.m in Sources */,
				F0AA9AEB2113180200967F9D /* main.m in Sources */,
				1890C4092132C47200E0CC71 /* YHWebViewController.m in Sources */,
				1890C40B2132C47200E0CC71 /* YHProcessPool.m in Sources */,
				F0AA9ADD2113180000967F9D /* AppDelegate.m in Sources */,
				F0BCE62C2126B2BF00289E3A /* YHButton.m in Sources */,
				F0008CEA212FFF3D00170EFE /* YHTestPlugin.m in Sources */,
				1890C40C2132C47200E0CC71 /* YHPlugin.m in Sources */,
			);
			runOnlyForDeploymentPostprocessing = 0;
		};
		F0AA9AEC2113180200967F9D /* Sources */ = {
			isa = PBXSourcesBuildPhase;
			buildActionMask = 2147483647;
			files = (
				F0AA9AF52113180200967F9D /* YHWebViewControllerTests.m in Sources */,
			);
			runOnlyForDeploymentPostprocessing = 0;
		};
		F0AA9AF72113180200967F9D /* Sources */ = {
			isa = PBXSourcesBuildPhase;
			buildActionMask = 2147483647;
			files = (
				F0AA9B002113180200967F9D /* YHWebViewControllerUITests.m in Sources */,
			);
			runOnlyForDeploymentPostprocessing = 0;
		};
/* End PBXSourcesBuildPhase section */

/* Begin PBXTargetDependency section */
		F0AA9AF22113180200967F9D /* PBXTargetDependency */ = {
			isa = PBXTargetDependency;
			target = F0AA9AD72113180000967F9D /* YHWebViewController */;
			targetProxy = F0AA9AF12113180200967F9D /* PBXContainerItemProxy */;
		};
		F0AA9AFD2113180200967F9D /* PBXTargetDependency */ = {
			isa = PBXTargetDependency;
			target = F0AA9AD72113180000967F9D /* YHWebViewController */;
			targetProxy = F0AA9AFC2113180200967F9D /* PBXContainerItemProxy */;
		};
/* End PBXTargetDependency section */

/* Begin PBXVariantGroup section */
		F0AA9AE12113180000967F9D /* Main.storyboard */ = {
			isa = PBXVariantGroup;
			children = (
				F0AA9AE22113180000967F9D /* Base */,
			);
			name = Main.storyboard;
			sourceTree = "<group>";
		};
		F0AA9AE62113180200967F9D /* LaunchScreen.storyboard */ = {
			isa = PBXVariantGroup;
			children = (
				F0AA9AE72113180200967F9D /* Base */,
			);
			name = LaunchScreen.storyboard;
			sourceTree = "<group>";
		};
/* End PBXVariantGroup section */

/* Begin XCBuildConfiguration section */
		F0AA9B022113180200967F9D /* Debug */ = {
			isa = XCBuildConfiguration;
			buildSettings = {
				ALWAYS_SEARCH_USER_PATHS = NO;
				CLANG_ANALYZER_NONNULL = YES;
				CLANG_ANALYZER_NUMBER_OBJECT_CONVERSION = YES_AGGRESSIVE;
				CLANG_CXX_LANGUAGE_STANDARD = "gnu++14";
				CLANG_CXX_LIBRARY = "libc++";
				CLANG_ENABLE_MODULES = YES;
				CLANG_ENABLE_OBJC_ARC = YES;
				CLANG_ENABLE_OBJC_WEAK = YES;
				CLANG_WARN_BLOCK_CAPTURE_AUTORELEASING = YES;
				CLANG_WARN_BOOL_CONVERSION = YES;
				CLANG_WARN_COMMA = YES;
				CLANG_WARN_CONSTANT_CONVERSION = YES;
				CLANG_WARN_DEPRECATED_OBJC_IMPLEMENTATIONS = YES;
				CLANG_WARN_DIRECT_OBJC_ISA_USAGE = YES_ERROR;
				CLANG_WARN_DOCUMENTATION_COMMENTS = YES;
				CLANG_WARN_EMPTY_BODY = YES;
				CLANG_WARN_ENUM_CONVERSION = YES;
				CLANG_WARN_INFINITE_RECURSION = YES;
				CLANG_WARN_INT_CONVERSION = YES;
				CLANG_WARN_NON_LITERAL_NULL_CONVERSION = YES;
				CLANG_WARN_OBJC_IMPLICIT_RETAIN_SELF = YES;
				CLANG_WARN_OBJC_LITERAL_CONVERSION = YES;
				CLANG_WARN_OBJC_ROOT_CLASS = YES_ERROR;
				CLANG_WARN_RANGE_LOOP_ANALYSIS = YES;
				CLANG_WARN_STRICT_PROTOTYPES = YES;
				CLANG_WARN_SUSPICIOUS_MOVE = YES;
				CLANG_WARN_UNGUARDED_AVAILABILITY = YES_AGGRESSIVE;
				CLANG_WARN_UNREACHABLE_CODE = YES;
				CLANG_WARN__DUPLICATE_METHOD_MATCH = YES;
				CODE_SIGN_IDENTITY = "iPhone Developer";
				COPY_PHASE_STRIP = NO;
				DEBUG_INFORMATION_FORMAT = dwarf;
				ENABLE_STRICT_OBJC_MSGSEND = YES;
				ENABLE_TESTABILITY = YES;
				GCC_C_LANGUAGE_STANDARD = gnu11;
				GCC_DYNAMIC_NO_PIC = NO;
				GCC_NO_COMMON_BLOCKS = YES;
				GCC_OPTIMIZATION_LEVEL = 0;
				GCC_PREPROCESSOR_DEFINITIONS = (
					"DEBUG=1",
					"$(inherited)",
				);
				GCC_WARN_64_TO_32_BIT_CONVERSION = YES;
				GCC_WARN_ABOUT_RETURN_TYPE = YES_ERROR;
				GCC_WARN_UNDECLARED_SELECTOR = YES;
				GCC_WARN_UNINITIALIZED_AUTOS = YES_AGGRESSIVE;
				GCC_WARN_UNUSED_FUNCTION = YES;
				GCC_WARN_UNUSED_VARIABLE = YES;
				IPHONEOS_DEPLOYMENT_TARGET = 11.3;
				MTL_ENABLE_DEBUG_INFO = YES;
				ONLY_ACTIVE_ARCH = YES;
				SDKROOT = iphoneos;
			};
			name = Debug;
		};
		F0AA9B032113180200967F9D /* Release */ = {
			isa = XCBuildConfiguration;
			buildSettings = {
				ALWAYS_SEARCH_USER_PATHS = NO;
				CLANG_ANALYZER_NONNULL = YES;
				CLANG_ANALYZER_NUMBER_OBJECT_CONVERSION = YES_AGGRESSIVE;
				CLANG_CXX_LANGUAGE_STANDARD = "gnu++14";
				CLANG_CXX_LIBRARY = "libc++";
				CLANG_ENABLE_MODULES = YES;
				CLANG_ENABLE_OBJC_ARC = YES;
				CLANG_ENABLE_OBJC_WEAK = YES;
				CLANG_WARN_BLOCK_CAPTURE_AUTORELEASING = YES;
				CLANG_WARN_BOOL_CONVERSION = YES;
				CLANG_WARN_COMMA = YES;
				CLANG_WARN_CONSTANT_CONVERSION = YES;
				CLANG_WARN_DEPRECATED_OBJC_IMPLEMENTATIONS = YES;
				CLANG_WARN_DIRECT_OBJC_ISA_USAGE = YES_ERROR;
				CLANG_WARN_DOCUMENTATION_COMMENTS = YES;
				CLANG_WARN_EMPTY_BODY = YES;
				CLANG_WARN_ENUM_CONVERSION = YES;
				CLANG_WARN_INFINITE_RECURSION = YES;
				CLANG_WARN_INT_CONVERSION = YES;
				CLANG_WARN_NON_LITERAL_NULL_CONVERSION = YES;
				CLANG_WARN_OBJC_IMPLICIT_RETAIN_SELF = YES;
				CLANG_WARN_OBJC_LITERAL_CONVERSION = YES;
				CLANG_WARN_OBJC_ROOT_CLASS = YES_ERROR;
				CLANG_WARN_RANGE_LOOP_ANALYSIS = YES;
				CLANG_WARN_STRICT_PROTOTYPES = YES;
				CLANG_WARN_SUSPICIOUS_MOVE = YES;
				CLANG_WARN_UNGUARDED_AVAILABILITY = YES_AGGRESSIVE;
				CLANG_WARN_UNREACHABLE_CODE = YES;
				CLANG_WARN__DUPLICATE_METHOD_MATCH = YES;
				CODE_SIGN_IDENTITY = "iPhone Developer";
				COPY_PHASE_STRIP = NO;
				DEBUG_INFORMATION_FORMAT = "dwarf-with-dsym";
				ENABLE_NS_ASSERTIONS = NO;
				ENABLE_STRICT_OBJC_MSGSEND = YES;
				GCC_C_LANGUAGE_STANDARD = gnu11;
				GCC_NO_COMMON_BLOCKS = YES;
				GCC_WARN_64_TO_32_BIT_CONVERSION = YES;
				GCC_WARN_ABOUT_RETURN_TYPE = YES_ERROR;
				GCC_WARN_UNDECLARED_SELECTOR = YES;
				GCC_WARN_UNINITIALIZED_AUTOS = YES_AGGRESSIVE;
				GCC_WARN_UNUSED_FUNCTION = YES;
				GCC_WARN_UNUSED_VARIABLE = YES;
				IPHONEOS_DEPLOYMENT_TARGET = 11.3;
				MTL_ENABLE_DEBUG_INFO = NO;
				SDKROOT = iphoneos;
				VALIDATE_PRODUCT = YES;
			};
			name = Release;
		};
		F0AA9B052113180200967F9D /* Debug */ = {
			isa = XCBuildConfiguration;
			buildSettings = {
				ASSETCATALOG_COMPILER_APPICON_NAME = AppIcon;
				CODE_SIGN_STYLE = Automatic;
				DEVELOPMENT_TEAM = JX84U25WS9;
				INFOPLIST_FILE = YHWebViewController/Info.plist;
				IPHONEOS_DEPLOYMENT_TARGET = 9.0;
				LD_RUNPATH_SEARCH_PATHS = (
					"$(inherited)",
					"@executable_path/Frameworks",
				);
				PRODUCT_BUNDLE_IDENTIFIER = ruaho.YHWebViewController;
				PRODUCT_NAME = "$(TARGET_NAME)";
				TARGETED_DEVICE_FAMILY = "1,2";
			};
			name = Debug;
		};
		F0AA9B062113180200967F9D /* Release */ = {
			isa = XCBuildConfiguration;
			buildSettings = {
				ASSETCATALOG_COMPILER_APPICON_NAME = AppIcon;
				CODE_SIGN_STYLE = Automatic;
				DEVELOPMENT_TEAM = JX84U25WS9;
				INFOPLIST_FILE = YHWebViewController/Info.plist;
				IPHONEOS_DEPLOYMENT_TARGET = 9.0;
				LD_RUNPATH_SEARCH_PATHS = (
					"$(inherited)",
					"@executable_path/Frameworks",
				);
				PRODUCT_BUNDLE_IDENTIFIER = ruaho.YHWebViewController;
				PRODUCT_NAME = "$(TARGET_NAME)";
				TARGETED_DEVICE_FAMILY = "1,2";
			};
			name = Release;
		};
		F0AA9B082113180200967F9D /* Debug */ = {
			isa = XCBuildConfiguration;
			buildSettings = {
				BUNDLE_LOADER = "$(TEST_HOST)";
				CODE_SIGN_STYLE = Automatic;
				DEVELOPMENT_TEAM = JX84U25WS9;
				INFOPLIST_FILE = YHWebViewControllerTests/Info.plist;
				LD_RUNPATH_SEARCH_PATHS = (
					"$(inherited)",
					"@executable_path/Frameworks",
					"@loader_path/Frameworks",
				);
				PRODUCT_BUNDLE_IDENTIFIER = ruaho.YHWebViewControllerTests;
				PRODUCT_NAME = "$(TARGET_NAME)";
				TARGETED_DEVICE_FAMILY = "1,2";
				TEST_HOST = "$(BUILT_PRODUCTS_DIR)/YHWebViewController.app/YHWebViewController";
			};
			name = Debug;
		};
		F0AA9B092113180200967F9D /* Release */ = {
			isa = XCBuildConfiguration;
			buildSettings = {
				BUNDLE_LOADER = "$(TEST_HOST)";
				CODE_SIGN_STYLE = Automatic;
				DEVELOPMENT_TEAM = JX84U25WS9;
				INFOPLIST_FILE = YHWebViewControllerTests/Info.plist;
				LD_RUNPATH_SEARCH_PATHS = (
					"$(inherited)",
					"@executable_path/Frameworks",
					"@loader_path/Frameworks",
				);
				PRODUCT_BUNDLE_IDENTIFIER = ruaho.YHWebViewControllerTests;
				PRODUCT_NAME = "$(TARGET_NAME)";
				TARGETED_DEVICE_FAMILY = "1,2";
				TEST_HOST = "$(BUILT_PRODUCTS_DIR)/YHWebViewController.app/YHWebViewController";
			};
			name = Release;
		};
		F0AA9B0B2113180200967F9D /* Debug */ = {
			isa = XCBuildConfiguration;
			buildSettings = {
				CODE_SIGN_STYLE = Automatic;
				DEVELOPMENT_TEAM = JX84U25WS9;
				INFOPLIST_FILE = YHWebViewControllerUITests/Info.plist;
				LD_RUNPATH_SEARCH_PATHS = (
					"$(inherited)",
					"@executable_path/Frameworks",
					"@loader_path/Frameworks",
				);
				PRODUCT_BUNDLE_IDENTIFIER = ruaho.YHWebViewControllerUITests;
				PRODUCT_NAME = "$(TARGET_NAME)";
				TARGETED_DEVICE_FAMILY = "1,2";
				TEST_TARGET_NAME = YHWebViewController;
			};
			name = Debug;
		};
		F0AA9B0C2113180200967F9D /* Release */ = {
			isa = XCBuildConfiguration;
			buildSettings = {
				CODE_SIGN_STYLE = Automatic;
				DEVELOPMENT_TEAM = JX84U25WS9;
				INFOPLIST_FILE = YHWebViewControllerUITests/Info.plist;
				LD_RUNPATH_SEARCH_PATHS = (
					"$(inherited)",
					"@executable_path/Frameworks",
					"@loader_path/Frameworks",
				);
				PRODUCT_BUNDLE_IDENTIFIER = ruaho.YHWebViewControllerUITests;
				PRODUCT_NAME = "$(TARGET_NAME)";
				TARGETED_DEVICE_FAMILY = "1,2";
				TEST_TARGET_NAME = YHWebViewController;
			};
			name = Release;
		};
/* End XCBuildConfiguration section */

/* Begin XCConfigurationList section */
		F0AA9AD32113180000967F9D /* Build configuration list for PBXProject "YHWebViewController" */ = {
			isa = XCConfigurationList;
			buildConfigurations = (
				F0AA9B022113180200967F9D /* Debug */,
				F0AA9B032113180200967F9D /* Release */,
			);
			defaultConfigurationIsVisible = 0;
			defaultConfigurationName = Release;
		};
		F0AA9B042113180200967F9D /* Build configuration list for PBXNativeTarget "YHWebViewController" */ = {
			isa = XCConfigurationList;
			buildConfigurations = (
				F0AA9B052113180200967F9D /* Debug */,
				F0AA9B062113180200967F9D /* Release */,
			);
			defaultConfigurationIsVisible = 0;
			defaultConfigurationName = Release;
		};
		F0AA9B072113180200967F9D /* Build configuration list for PBXNativeTarget "YHWebViewControllerTests" */ = {
			isa = XCConfigurationList;
			buildConfigurations = (
				F0AA9B082113180200967F9D /* Debug */,
				F0AA9B092113180200967F9D /* Release */,
			);
			defaultConfigurationIsVisible = 0;
			defaultConfigurationName = Release;
		};
		F0AA9B0A2113180200967F9D /* Build configuration list for PBXNativeTarget "YHWebViewControllerUITests" */ = {
			isa = XCConfigurationList;
			buildConfigurations = (
				F0AA9B0B2113180200967F9D /* Debug */,
				F0AA9B0C2113180200967F9D /* Release */,
			);
			defaultConfigurationIsVisible = 0;
			defaultConfigurationName = Release;
		};
/* End XCConfigurationList section */
	};
	rootObject = F0AA9AD02113180000967F9D /* Project object */;
}
